{
  "name": "@firstpick/pi-extension-wiki-tools",
  "version": "0.1.4",
  "lockfileVersion": 3,
  "requires": true,
  "packages": {
    "": {
      "name": "@firstpick/pi-extension-wiki-tools",
      "version": "0.1.4",
      "license": "MIT",
      "dependencies": {
        "@firstpick/pi-utils": "^0.2.3"
      },
      "peerDependencies": {
        "@earendil-works/pi-coding-agent": "*",
        "typebox": "*"
      }
    },
    "node_modules/@firstpick/pi-utils": {
      "version": "0.2.3",
      "resolved": "https://registry.npmjs.org/@firstpick/pi-utils/-/pi-utils-0.2.3.tgz",
      "integrity": "sha512-PcLNMykPpg1m104vYOMg+m5Aswst/ZoI00RpcHUg2Oei2VgZYVowsjkBzOuveme9alOdPa7C+yDIelWDQvhK3Q==",
      "license": "MIT",
      "peerDependencies": {
        "@earendil-works/pi-coding-agent": "*"
      }
    }
  }
}
